{
  "version": 4,
  "terraform_version": "1.14.0",
  "serial": 4,
  "lineage": "0cbbf52a-070f-a102-c735-bd10a62e126e",
  "outputs": {},
  "resources": [
    {
      "mode": "managed",
      "type": "aws_iam_policy",
      "name": "iam_policy",
      "provider": "provider[\"registry.terraform.io/hashicorp/aws\"]",
      "instances": [
        {
          "schema_version": 0,
          "attributes": {
            "arn": "arn:aws:iam::149536481376:policy/terraform-20260102111732844100000001",
            "attachment_count": 0,
            "description": "",
            "id": "arn:aws:iam::149536481376:policy/terraform-20260102111732844100000001",
            "name": "terraform-20260102111732844100000001",
            "name_prefix": "terraform-",
            "path": "/",
            "policy": "{\"Statement\":[{\"Action\":\"*\",\"Effect\":\"Allow\",\"Resource\":\"*\"}],\"Version\":\"2012-10-17\"}",
            "policy_id": "ANPASFUIRUBQB2QE3LVY7",
            "tags": {
              "Description": "Attaching Admin Policy for User : Gokul",
              "Project": "POC"
            },
            "tags_all": {
              "Description": "Attaching Admin Policy for User : Gokul",
              "Project": "POC"
            }
          },
          "sensitive_attributes": [],
          "identity_schema_version": 0,
          "identity": {
            "arn": "arn:aws:iam::149536481376:policy/terraform-20260102111732844100000001"
          },
          "private": "bnVsbA==",
          "dependencies": [
            "aws_iam_user.Gokul"
          ]
        }
      ]
    },
    {
      "mode": "managed",
      "type": "aws_iam_user",
      "name": "Gokul",
      "provider": "provider[\"registry.terraform.io/hashicorp/aws\"]",
      "instances": [
        {
          "schema_version": 0,
          "attributes": {
            "arn": "arn:aws:iam::149536481376:user/Gokul",
            "force_destroy": false,
            "id": "Gokul",
            "name": "Gokul",
            "path": "/",
            "permissions_boundary": "",
            "tags": {
              "Description": "IAM User Created",
              "Name": "IAM User",
              "Project": "POC"
            },
            "tags_all": {
              "Description": "IAM User Created",
              "Name": "IAM User",
              "Project": "POC"
            },
            "unique_id": "AIDASFUIRUBQHZSDWUDYU"
          },
          "sensitive_attributes": [],
          "identity_schema_version": 0,
          "private": "bnVsbA=="
        }
      ]
    },
    {
      "mode": "managed",
      "type": "aws_iam_user_policy_attachment",
      "name": "iam_attach_policy",
      "provider": "provider[\"registry.terraform.io/hashicorp/aws\"]",
      "instances": [
        {
          "schema_version": 0,
          "attributes": {
            "id": "Gokul-20260102111734026200000002",
            "policy_arn": "arn:aws:iam::149536481376:policy/terraform-20260102111732844100000001",
            "user": "Gokul"
          },
          "sensitive_attributes": [],
          "identity_schema_version": 0,
          "private": "bnVsbA==",
          "dependencies": [
            "aws_iam_policy.iam_policy",
            "aws_iam_user.Gokul"
          ]
        }
      ]
    }
  ],
  "check_results": null
}
