{
  "version": 4,
  "terraform_version": "1.14.0",
  "serial": 13,
  "lineage": "7a792814-dff5-c941-a409-5ee36908d739",
  "outputs": {},
  "resources": [
    {
      "module": "module.ec2-creation",
      "mode": "data",
      "type": "aws_vpc",
      "name": "default-vpc",
      "provider": "module.ec2-creation.provider[\"registry.terraform.io/hashicorp/aws\"]",
      "instances": [
        {
          "schema_version": 0,
          "attributes": {
            "arn": "arn:aws:ec2:ap-south-1:149536481376:vpc/vpc-0ce30347b3cd6bab8",
            "cidr_block": "172.31.0.0/16",
            "cidr_block_associations": [
              {
                "association_id": "vpc-cidr-assoc-0efa47e74922ecd29",
                "cidr_block": "172.31.0.0/16",
                "state": "associated"
              }
            ],
            "default": true,
            "dhcp_options_id": "dopt-0faac111f2d06ba48",
            "enable_dns_hostnames": true,
            "enable_dns_support": true,
            "enable_network_address_usage_metrics": false,
            "filter": null,
            "id": "vpc-0ce30347b3cd6bab8",
            "instance_tenancy": "default",
            "ipv6_association_id": "",
            "ipv6_cidr_block": "",
            "main_route_table_id": "rtb-0dd51ebcf95341a50",
            "owner_id": "149536481376",
            "region": "ap-south-1",
            "state": null,
            "tags": {
              "Name": "default-vpc"
            },
            "timeouts": null
          },
          "sensitive_attributes": [],
          "identity_schema_version": 0
        }
      ]
    },
    {
      "module": "module.ec2-creation",
      "mode": "managed",
      "type": "aws_ebs_volume",
      "name": "vol1",
      "provider": "module.ec2-creation.provider[\"registry.terraform.io/hashicorp/aws\"]",
      "instances": [
        {
          "index_key": 0,
          "schema_version": 0,
          "attributes": {
            "arn": "arn:aws:ec2:ap-south-1:149536481376:volume/vol-0037763f7f61b45ef",
            "availability_zone": "ap-south-1a",
            "create_time": "2026-01-04T10:58:13Z",
            "encrypted": false,
            "final_snapshot": false,
            "id": "vol-0037763f7f61b45ef",
            "iops": 100,
            "kms_key_id": "",
            "multi_attach_enabled": false,
            "outpost_arn": "",
            "region": "ap-south-1",
            "size": 30,
            "snapshot_id": "",
            "tags": {
              "Description": "Terraform Basics",
              "Name": "my-ebs",
              "Owner": "Nagarjuna SG",
              "Project": "Terraform-POC"
            },
            "tags_all": {
              "Description": "Terraform Basics",
              "Name": "my-ebs",
              "Owner": "Nagarjuna SG",
              "Project": "Terraform-POC"
            },
            "throughput": 0,
            "timeouts": null,
            "type": "gp2",
            "volume_initialization_rate": 0
          },
          "sensitive_attributes": [],
          "identity_schema_version": 0,
          "private": "eyJlMmJmYjczMC1lY2FhLTExZTYtOGY4OC0zNDM2M2JjN2M0YzAiOnsiY3JlYXRlIjozMDAwMDAwMDAwMDAsImRlbGV0ZSI6NjAwMDAwMDAwMDAwLCJ1cGRhdGUiOjMwMDAwMDAwMDAwMH19"
        },
        {
          "index_key": 1,
          "schema_version": 0,
          "attributes": {
            "arn": "arn:aws:ec2:ap-south-1:149536481376:volume/vol-085f1cd98f19abc95",
            "availability_zone": "ap-south-1b",
            "create_time": "2026-01-04T10:58:13Z",
            "encrypted": false,
            "final_snapshot": false,
            "id": "vol-085f1cd98f19abc95",
            "iops": 100,
            "kms_key_id": "",
            "multi_attach_enabled": false,
            "outpost_arn": "",
            "region": "ap-south-1",
            "size": 30,
            "snapshot_id": "",
            "tags": {
              "Description": "Terraform Basics",
              "Name": "my-ebs",
              "Owner": "Nagarjuna SG",
              "Project": "Terraform-POC"
            },
            "tags_all": {
              "Description": "Terraform Basics",
              "Name": "my-ebs",
              "Owner": "Nagarjuna SG",
              "Project": "Terraform-POC"
            },
            "throughput": 0,
            "timeouts": null,
            "type": "gp2",
            "volume_initialization_rate": 0
          },
          "sensitive_attributes": [],
          "identity_schema_version": 0,
          "private": "eyJlMmJmYjczMC1lY2FhLTExZTYtOGY4OC0zNDM2M2JjN2M0YzAiOnsiY3JlYXRlIjozMDAwMDAwMDAwMDAsImRlbGV0ZSI6NjAwMDAwMDAwMDAwLCJ1cGRhdGUiOjMwMDAwMDAwMDAwMH19"
        }
      ]
    },
    {
      "module": "module.ec2-creation",
      "mode": "managed",
      "type": "aws_instance",
      "name": "my-instance",
      "provider": "module.ec2-creation.provider[\"registry.terraform.io/hashicorp/aws\"]",
      "instances": [
        {
          "index_key": 0,
          "schema_version": 2,
          "attributes": {
            "ami": "ami-0024b53e5fc2f4fad",
            "arn": "arn:aws:ec2:ap-south-1:149536481376:instance/i-09ccac6d0289c222f",
            "associate_public_ip_address": true,
            "availability_zone": "ap-south-1a",
            "capacity_reservation_specification": [
              {
                "capacity_reservation_preference": "open",
                "capacity_reservation_target": []
              }
            ],
            "cpu_options": [
              {
                "amd_sev_snp": "",
                "core_count": 1,
                "threads_per_core": 1
              }
            ],
            "credit_specification": [
              {
                "cpu_credits": "standard"
              }
            ],
            "disable_api_stop": false,
            "disable_api_termination": false,
            "ebs_block_device": [],
            "ebs_optimized": false,
            "enable_primary_ipv6": null,
            "enclave_options": [
              {
                "enabled": false
              }
            ],
            "ephemeral_block_device": [],
            "force_destroy": false,
            "get_password_data": false,
            "hibernation": false,
            "host_id": "",
            "host_resource_group_arn": null,
            "iam_instance_profile": "",
            "id": "i-09ccac6d0289c222f",
            "instance_initiated_shutdown_behavior": "stop",
            "instance_lifecycle": "",
            "instance_market_options": [],
            "instance_state": "running",
            "instance_type": "t2.micro",
            "ipv6_address_count": 0,
            "ipv6_addresses": [],
            "key_name": "my-keypair",
            "launch_template": [],
            "maintenance_options": [
              {
                "auto_recovery": "default"
              }
            ],
            "metadata_options": [
              {
                "http_endpoint": "enabled",
                "http_protocol_ipv6": "disabled",
                "http_put_response_hop_limit": 1,
                "http_tokens": "required",
                "instance_metadata_tags": "disabled"
              }
            ],
            "monitoring": false,
            "network_interface": [],
            "outpost_arn": "",
            "password_data": "",
            "placement_group": "",
            "placement_group_id": "",
            "placement_partition_number": 0,
            "primary_network_interface": [
              {
                "delete_on_termination": true,
                "network_interface_id": "eni-01033c8962fa47ec3"
              }
            ],
            "primary_network_interface_id": "eni-01033c8962fa47ec3",
            "private_dns": "ip-172-31-41-98.ap-south-1.compute.internal",
            "private_dns_name_options": [
              {
                "enable_resource_name_dns_a_record": false,
                "enable_resource_name_dns_aaaa_record": false,
                "hostname_type": "ip-name"
              }
            ],
            "private_ip": "172.31.41.98",
            "public_dns": "ec2-13-201-9-24.ap-south-1.compute.amazonaws.com",
            "public_ip": "13.201.9.24",
            "region": "ap-south-1",
            "root_block_device": [
              {
                "delete_on_termination": true,
                "device_name": "/dev/sda1",
                "encrypted": false,
                "iops": 3000,
                "kms_key_id": "",
                "tags": null,
                "tags_all": {},
                "throughput": 125,
                "volume_id": "vol-0fd37830dc8bf5ec7",
                "volume_size": 50,
                "volume_type": "gp3"
              }
            ],
            "secondary_private_ips": [],
            "security_groups": [
              "common-sg"
            ],
            "source_dest_check": true,
            "spot_instance_request_id": "",
            "subnet_id": "subnet-049aed182a18785fa",
            "tags": {
              "Description": "Terraform Basics",
              "Name": "My VM",
              "Owner": "Nagarjuna SG",
              "Project": "Terraform-POC"
            },
            "tags_all": {
              "Description": "Terraform Basics",
              "Name": "My VM",
              "Owner": "Nagarjuna SG",
              "Project": "Terraform-POC"
            },
            "tenancy": "default",
            "timeouts": null,
            "user_data": "#!/bin/bash\napt-get update -y\napt-get install nginx -y\nsystemctl enable nginx\nsystemctl start nginx\n",
            "user_data_base64": null,
            "user_data_replace_on_change": false,
            "volume_tags": null,
            "vpc_security_group_ids": [
              "sg-0a44251defb113a0d"
            ]
          },
          "sensitive_attributes": [],
          "identity_schema_version": 0,
          "identity": {
            "account_id": "149536481376",
            "id": "i-09ccac6d0289c222f",
            "region": "ap-south-1"
          },
          "private": "eyJlMmJmYjczMC1lY2FhLTExZTYtOGY4OC0zNDM2M2JjN2M0YzAiOnsiY3JlYXRlIjo2MDAwMDAwMDAwMDAsImRlbGV0ZSI6MTIwMDAwMDAwMDAwMCwicmVhZCI6OTAwMDAwMDAwMDAwLCJ1cGRhdGUiOjYwMDAwMDAwMDAwMH0sInNjaGVtYV92ZXJzaW9uIjoiMiJ9",
          "dependencies": [
            "module.ec2-creation.aws_key_pair.my-keypair",
            "module.ec2-creation.aws_security_group.common_access",
            "module.ec2-creation.data.aws_vpc.default-vpc",
            "module.ec2-creation.local_file.private_key_file",
            "module.ec2-creation.local_file.public_key_file",
            "module.ec2-creation.tls_private_key.my_key"
          ]
        },
        {
          "index_key": 1,
          "schema_version": 2,
          "attributes": {
            "ami": "ami-0024b53e5fc2f4fad",
            "arn": "arn:aws:ec2:ap-south-1:149536481376:instance/i-01739c6a542e50429",
            "associate_public_ip_address": true,
            "availability_zone": "ap-south-1b",
            "capacity_reservation_specification": [
              {
                "capacity_reservation_preference": "open",
                "capacity_reservation_target": []
              }
            ],
            "cpu_options": [
              {
                "amd_sev_snp": "",
                "core_count": 1,
                "threads_per_core": 1
              }
            ],
            "credit_specification": [
              {
                "cpu_credits": "standard"
              }
            ],
            "disable_api_stop": false,
            "disable_api_termination": false,
            "ebs_block_device": [],
            "ebs_optimized": false,
            "enable_primary_ipv6": null,
            "enclave_options": [
              {
                "enabled": false
              }
            ],
            "ephemeral_block_device": [],
            "force_destroy": false,
            "get_password_data": false,
            "hibernation": false,
            "host_id": "",
            "host_resource_group_arn": null,
            "iam_instance_profile": "",
            "id": "i-01739c6a542e50429",
            "instance_initiated_shutdown_behavior": "stop",
            "instance_lifecycle": "",
            "instance_market_options": [],
            "instance_state": "running",
            "instance_type": "t2.micro",
            "ipv6_address_count": 0,
            "ipv6_addresses": [],
            "key_name": "my-keypair",
            "launch_template": [],
            "maintenance_options": [
              {
                "auto_recovery": "default"
              }
            ],
            "metadata_options": [
              {
                "http_endpoint": "enabled",
                "http_protocol_ipv6": "disabled",
                "http_put_response_hop_limit": 1,
                "http_tokens": "required",
                "instance_metadata_tags": "disabled"
              }
            ],
            "monitoring": false,
            "network_interface": [],
            "outpost_arn": "",
            "password_data": "",
            "placement_group": "",
            "placement_group_id": "",
            "placement_partition_number": 0,
            "primary_network_interface": [
              {
                "delete_on_termination": true,
                "network_interface_id": "eni-0431d699388434f19"
              }
            ],
            "primary_network_interface_id": "eni-0431d699388434f19",
            "private_dns": "ip-172-31-7-28.ap-south-1.compute.internal",
            "private_dns_name_options": [
              {
                "enable_resource_name_dns_a_record": false,
                "enable_resource_name_dns_aaaa_record": false,
                "hostname_type": "ip-name"
              }
            ],
            "private_ip": "172.31.7.28",
            "public_dns": "ec2-13-127-52-23.ap-south-1.compute.amazonaws.com",
            "public_ip": "13.127.52.23",
            "region": "ap-south-1",
            "root_block_device": [
              {
                "delete_on_termination": true,
                "device_name": "/dev/sda1",
                "encrypted": false,
                "iops": 3000,
                "kms_key_id": "",
                "tags": null,
                "tags_all": {},
                "throughput": 125,
                "volume_id": "vol-05eba52ff32c00ed3",
                "volume_size": 50,
                "volume_type": "gp3"
              }
            ],
            "secondary_private_ips": [],
            "security_groups": [
              "common-sg"
            ],
            "source_dest_check": true,
            "spot_instance_request_id": "",
            "subnet_id": "subnet-07619a185d080cac6",
            "tags": {
              "Description": "Terraform Basics",
              "Name": "My VM",
              "Owner": "Nagarjuna SG",
              "Project": "Terraform-POC"
            },
            "tags_all": {
              "Description": "Terraform Basics",
              "Name": "My VM",
              "Owner": "Nagarjuna SG",
              "Project": "Terraform-POC"
            },
            "tenancy": "default",
            "timeouts": null,
            "user_data": "#!/bin/bash\napt-get update -y\napt-get install nginx -y\nsystemctl enable nginx\nsystemctl start nginx\n",
            "user_data_base64": null,
            "user_data_replace_on_change": false,
            "volume_tags": null,
            "vpc_security_group_ids": [
              "sg-0a44251defb113a0d"
            ]
          },
          "sensitive_attributes": [],
          "identity_schema_version": 0,
          "identity": {
            "account_id": "149536481376",
            "id": "i-01739c6a542e50429",
            "region": "ap-south-1"
          },
          "private": "eyJlMmJmYjczMC1lY2FhLTExZTYtOGY4OC0zNDM2M2JjN2M0YzAiOnsiY3JlYXRlIjo2MDAwMDAwMDAwMDAsImRlbGV0ZSI6MTIwMDAwMDAwMDAwMCwicmVhZCI6OTAwMDAwMDAwMDAwLCJ1cGRhdGUiOjYwMDAwMDAwMDAwMH0sInNjaGVtYV92ZXJzaW9uIjoiMiJ9",
          "dependencies": [
            "module.ec2-creation.aws_key_pair.my-keypair",
            "module.ec2-creation.aws_security_group.common_access",
            "module.ec2-creation.data.aws_vpc.default-vpc",
            "module.ec2-creation.local_file.private_key_file",
            "module.ec2-creation.local_file.public_key_file",
            "module.ec2-creation.tls_private_key.my_key"
          ]
        }
      ]
    },
    {
      "module": "module.ec2-creation",
      "mode": "managed",
      "type": "aws_key_pair",
      "name": "my-keypair",
      "provider": "module.ec2-creation.provider[\"registry.terraform.io/hashicorp/aws\"]",
      "instances": [
        {
          "schema_version": 1,
          "attributes": {
            "arn": "arn:aws:ec2:ap-south-1:149536481376:key-pair/my-keypair",
            "fingerprint": "00:33:80:a0:fc:5f:7d:90:6c:d2:94:46:26:be:81:e4",
            "id": "my-keypair",
            "key_name": "my-keypair",
            "key_name_prefix": "",
            "key_pair_id": "key-07ec3ac3cd0200c5f",
            "key_type": "rsa",
            "public_key": "ssh-rsa AAAAB3NzaC1yc2EAAAADAQABAAACAQCr7t/geOCG0wmkuxBSbx3Zvl6wHvBHSvdtmVAu77rk0zlMRhfdDhV7ke6mXSq1AFFjHbGEAva9vJJODTLd3ouHTaUvl2bPikBRfnHMiG9yrQsr4/nAkygPLfbAHwbJckj1zJrkG/sU2hrS5bkhbEll1yaZ475YIgdjB382dK8PktkDGE9eiX+SDZKvGrJB8b3W1bpQRImnpas++9AMFnvWCEg25mseOx0tQQ/qPQYdVFQhe/1QDuM9FnnKQegGWXBD+Gi3NF3KP7ncazJvQsBSU1uGNb7j/JasJw/gYY2eqtk8Tk7/LmNCyFtMLU4SnZjv7dJkYCVSQV9eNoU4b7v++o/nGfYxiZKqq60RQ0pVHrUChXPBJEeNVLQtyWeRqayLc4rLMkCm+kZ3+mk9zNbhMuhS3rjfk7rYPaR00YCkbYwTR5+lq71aCSNmt8v2ZSqDWtAvGwF+8Law1qQoXPEnzb0slHKqWMRHxDGb69kGy6Tr6edGeVnv6ek9vGf7GRGh3TiJ89llyaTr6KtcDgcxj/ysre/6THe8xJwvHItH0YqWeoSS+5zb/ph7Ked3oISqKezz2CN/0iXBAS9iuF22uh8z3AhLaQ7xXfeVYCRLnc7kAAk5YBi2MpTAgt5AbsijgaxDuxhVILwj7YSUjErEdVKRrM4WPVxA+wYRHiYsbQ==",
            "region": "ap-south-1",
            "tags": {
              "Description": "Terraform Basics",
              "Name": "My Key-pair",
              "Owner": "Nagarjuna SG",
              "Project": "Terraform-POC"
            },
            "tags_all": {
              "Description": "Terraform Basics",
              "Name": "My Key-pair",
              "Owner": "Nagarjuna SG",
              "Project": "Terraform-POC"
            }
          },
          "sensitive_attributes": [],
          "identity_schema_version": 0,
          "private": "eyJzY2hlbWFfdmVyc2lvbiI6IjEifQ==",
          "dependencies": [
            "module.ec2-creation.tls_private_key.my_key"
          ]
        }
      ]
    },
    {
      "module": "module.ec2-creation",
      "mode": "managed",
      "type": "aws_security_group",
      "name": "common_access",
      "provider": "module.ec2-creation.provider[\"registry.terraform.io/hashicorp/aws\"]",
      "instances": [
        {
          "schema_version": 1,
          "attributes": {
            "arn": "arn:aws:ec2:ap-south-1:149536481376:security-group/sg-0a44251defb113a0d",
            "description": "Allow 22, 80 access",
            "egress": [
              {
                "cidr_blocks": [
                  "0.0.0.0/0"
                ],
                "description": "",
                "from_port": 0,
                "ipv6_cidr_blocks": [],
                "prefix_list_ids": [],
                "protocol": "-1",
                "security_groups": [],
                "self": false,
                "to_port": 0
              }
            ],
            "id": "sg-0a44251defb113a0d",
            "ingress": [
              {
                "cidr_blocks": [
                  "0.0.0.0/0"
                ],
                "description": "",
                "from_port": 22,
                "ipv6_cidr_blocks": [],
                "prefix_list_ids": [],
                "protocol": "tcp",
                "security_groups": [],
                "self": false,
                "to_port": 22
              },
              {
                "cidr_blocks": [
                  "0.0.0.0/0"
                ],
                "description": "",
                "from_port": 80,
                "ipv6_cidr_blocks": [],
                "prefix_list_ids": [],
                "protocol": "tcp",
                "security_groups": [],
                "self": false,
                "to_port": 80
              }
            ],
            "name": "common-sg",
            "name_prefix": "",
            "owner_id": "149536481376",
            "region": "ap-south-1",
            "revoke_rules_on_delete": false,
            "tags": {
              "Description": "Terraform Basics",
              "Name": "My Custom SG",
              "Owner": "Nagarjuna SG",
              "Project": "Terraform-POC"
            },
            "tags_all": {
              "Description": "Terraform Basics",
              "Name": "My Custom SG",
              "Owner": "Nagarjuna SG",
              "Project": "Terraform-POC"
            },
            "timeouts": null,
            "vpc_id": "vpc-0ce30347b3cd6bab8"
          },
          "sensitive_attributes": [],
          "identity_schema_version": 0,
          "identity": {
            "account_id": "149536481376",
            "id": "sg-0a44251defb113a0d",
            "region": "ap-south-1"
          },
          "private": "eyJlMmJmYjczMC1lY2FhLTExZTYtOGY4OC0zNDM2M2JjN2M0YzAiOnsiY3JlYXRlIjo2MDAwMDAwMDAwMDAsImRlbGV0ZSI6OTAwMDAwMDAwMDAwfSwic2NoZW1hX3ZlcnNpb24iOiIxIn0=",
          "dependencies": [
            "module.ec2-creation.data.aws_vpc.default-vpc"
          ]
        }
      ]
    },
    {
      "module": "module.ec2-creation",
      "mode": "managed",
      "type": "aws_volume_attachment",
      "name": "volume",
      "provider": "module.ec2-creation.provider[\"registry.terraform.io/hashicorp/aws\"]",
      "instances": [
        {
          "index_key": 0,
          "schema_version": 0,
          "attributes": {
            "device_name": "/dev/sdh",
            "force_detach": null,
            "id": "vai-3119877213",
            "instance_id": "i-09ccac6d0289c222f",
            "region": "ap-south-1",
            "skip_destroy": null,
            "stop_instance_before_detaching": null,
            "timeouts": null,
            "volume_id": "vol-0037763f7f61b45ef"
          },
          "sensitive_attributes": [],
          "identity_schema_version": 0,
          "private": "eyJlMmJmYjczMC1lY2FhLTExZTYtOGY4OC0zNDM2M2JjN2M0YzAiOnsiY3JlYXRlIjozMDAwMDAwMDAwMDAsImRlbGV0ZSI6MzAwMDAwMDAwMDAwfX0=",
          "dependencies": [
            "module.ec2-creation.aws_ebs_volume.vol1",
            "module.ec2-creation.aws_instance.my-instance",
            "module.ec2-creation.aws_key_pair.my-keypair",
            "module.ec2-creation.aws_security_group.common_access",
            "module.ec2-creation.data.aws_vpc.default-vpc",
            "module.ec2-creation.local_file.private_key_file",
            "module.ec2-creation.local_file.public_key_file",
            "module.ec2-creation.tls_private_key.my_key"
          ]
        },
        {
          "index_key": 1,
          "schema_version": 0,
          "attributes": {
            "device_name": "/dev/sdh",
            "force_detach": null,
            "id": "vai-1642295892",
            "instance_id": "i-01739c6a542e50429",
            "region": "ap-south-1",
            "skip_destroy": null,
            "stop_instance_before_detaching": null,
            "timeouts": null,
            "volume_id": "vol-085f1cd98f19abc95"
          },
          "sensitive_attributes": [],
          "identity_schema_version": 0,
          "private": "eyJlMmJmYjczMC1lY2FhLTExZTYtOGY4OC0zNDM2M2JjN2M0YzAiOnsiY3JlYXRlIjozMDAwMDAwMDAwMDAsImRlbGV0ZSI6MzAwMDAwMDAwMDAwfX0=",
          "dependencies": [
            "module.ec2-creation.aws_ebs_volume.vol1",
            "module.ec2-creation.aws_instance.my-instance",
            "module.ec2-creation.aws_key_pair.my-keypair",
            "module.ec2-creation.aws_security_group.common_access",
            "module.ec2-creation.data.aws_vpc.default-vpc",
            "module.ec2-creation.local_file.private_key_file",
            "module.ec2-creation.local_file.public_key_file",
            "module.ec2-creation.tls_private_key.my_key"
          ]
        }
      ]
    },
    {
      "module": "module.ec2-creation",
      "mode": "managed",
      "type": "local_file",
      "name": "private_key_file",
      "provider": "provider[\"registry.terraform.io/hashicorp/local\"]",
      "instances": [
        {
          "schema_version": 0,
          "attributes": {
            "content": "-----BEGIN RSA PRIVATE KEY-----\nMIIJKAIBAAKCAgEAq+7f4HjghtMJpLsQUm8d2b5esB7wR0r3bZlQLu+65NM5TEYX\n3Q4Ve5Hupl0qtQBRYx2xhAL2vbySTg0y3d6Lh02lL5dmz4pAUX5xzIhvcq0LK+P5\nwJMoDy32wB8GyXJI9cya5Bv7FNoa0uW5IWxJZdcmmeO+WCIHYwd/NnSvD5LZAxhP\nXol/kg2SrxqyQfG91tW6UESJp6WrPvvQDBZ71ghINuZrHjsdLUEP6j0GHVRUIXv9\nUA7jPRZ5ykHoBllwQ/hotzRdyj+53Gsyb0LAUlNbhjW+4/yWrCcP4GGNnqrZPE5O\n/y5jQshbTC1OEp2Y7+3SZGAlUkFfXjaFOG+7/vqP5xn2MYmSqqutEUNKVR61AoVz\nwSRHjVS0Lclnkamsi3OKyzJApvpGd/ppPczW4TLoUt6435O62D2kdNGApG2ME0ef\npau9WgkjZrfL9mUqg1rQLxsBfvC2sNakKFzxJ829LJRyqljER8Qxm+vZBsuk6+nn\nRnlZ7+npPbxn+xkRod04ifPZZcmk6+irXA4HMY/8rK3v+kx3vMScLxyLR9GKlnqE\nkvuc2/6Yeynnd6CEqins89gjf9IlwQEvYrhdtrofM9wIS2kO8V33lWAkS53O5AAJ\nOWAYtjKUwILeQG7Io4GsQ7sYVSC8I+2ElIxKxHVSkazOFj1cQPsGER4mLG0CAwEA\nAQKCAgADsu/WLM3crCKVKBfX+1Gnsf+fAwmsaLLNspTPAbO0ioRhz6xh1JS0GI74\n9Dv2zbegQDyctiScwVLMnnC30uiPWtMuyVP6GSg8uuPvYIeit7ZHWjS6GQT2plrT\nWD5ldS0YBYuN+QLZwZo1NLP2eKfmmGVZYpTqhbScnyFrQ/hRx32d9IlCCFB6REGP\nc+2eEhUKmOCd9Ir05qOVxzN7HoX/4ds7l2yxMI9RvlGP3ydMoXOlMusWbIZt9aEU\nXWyN4rOkJ9wtvJEAbU/phzBzDWjpw13XwTwLYNiMAkGPggHIhjY9UnD53IzON8Ls\ngRkp3W/F2xsq6isNq828jzGBwW8Rs4/xXlB0Pi9MzI0X/Sr0JVoGL5njFWRuP512\niMg84IcDAqbWKsZCLEIyH09QsJ0pKq9ER5xagOPoh+NpqjQyC77ORi60RFykSMTN\nJmR1+zccbOVm1Z51H9aXrvyGo6/ONlD0usu9o/GudBcfvnZQUufXQ724GU9jjIHX\nwLGXklPsJKqOBK4u9x0IJ8fhV05uZ/Xvy98O0/mOvnvA5kqPSUHW2UefxK58dtbc\n0OQ7shEMh+vhscNHMFNwezmUYHzMqC/2JIZRRyCKvLy9RC1m2CVpW7lkczYrO8d2\n0AdoWZWj33X1sc12dSEeGM/x9AdqT+6ZSrYUvWizB0rtmjxcCQKCAQEAzRbVWID2\nDLegFcAfBP0cqIdLZm3KDhRRF2zBv6AUkDqqzwQjF4UglQ2c+l5OUiXGBAex3Zya\n6LxAm3+Gi/uwd8i9MpoMlQ+h7DxgracbZrfOwHK36gl4l2jtDkKMJm7Dix32jQQF\nRVujXZI3Ka4qdKkbGHc1mlWEE2omcI9u/0/N/3Q9ahTKM8DXwQYs+VOqaL1nUZdm\naunhP3nLhsPwDq/+8c9/jUKkbqkTDOitlzbr23CHLlXuDUJACpLYJs3kJDbDNPtO\njiZqNF4f0jTbX4kL5YtrEZ0hqQV9ypZuo/uZHZtY6p6uPMbIPdMzYla6yyWyBIF3\nW4QwUo0NHaGbCQKCAQEA1p0DKGsCS6Z2OOfwgOGrsyxGgj3i1JZ5TuXUaA2Ekr5u\nw+z0uwdnGSnshtISwth3wDtzRAgjoXjMwIjBfqCdn6nSppbGWDh6xEbYo5+9S6lF\nyevNktF2gjuzm/ALYf9l4PLJk3uCM4UMvQU+HxKg0xD52znLSZ+/6jCiO2+bQaGU\nQ3jWlqlQbA9pNOZFsnvNArQOBlfXVTz7g2+TSHp0mtdohP8lSR/S7d47zDdFwd2J\nvGgypyzhXCQx/4eO/DzxxZESx47eT3XWBW1JUdHdiV/xfCWzysz4XLCvL8m+o3Ym\navhRxbpTeiNKuQQyPZRlFZ6XA5qoMhmpBmAltf4LRQKCAQBBOn3ohDu9l7mGsXAs\nOgSfZUiJ72lQSQ3xkVmeBOAFb2NcLEis9l6Cia3fw5bNcc4lAf2EKobqdtVln42/\nf/GEZ4glS/GshyhM5ncpQ/jnFpbfhp0QBqsgHPMokenZX2k6GfGMsDas9JRk8lgx\nHX/LUu2XPnMB/yjes+g97KC0+0Ddeq79ylb1VuRINBqhwgZ1AaiWvryITJKjia09\n05vKUBeZ+RDscMGzoHq6pFZxvboONSAJkLMB7IxJ0KKG1P02t2QmubcmZvloZndg\neAc9v2zVOR54n61RALodcPMHnMH6NKp3FLj+A4s0frPdFxCaBAc2f6biqIxl9Q6y\n2e9hAoIBAQC0O3wxb1yoJ43VUIPb2KmXeTFlo49hNVV++uic0e1qR19CTzdf8mGU\n8m5e8wEqfRxkZgjxM1yo+IgLkU3eiAiX08jCepDr+dKwD0dUcoxIhEnFv7APArXh\nvT2jUb5deF0YwwyiPPElTzFZdJOtCLnjR7htcWXV2MEVbe5wt9PNFGMtHsgoEt0l\nQvP5pwEVWX7cLFYy4YZHYUVgJk2sapqOhySRvKyVcpJzjVTuteRxYRmRDniriLdh\n6EvM6w0brBrm7mS1DriIRs+MEzGl8vd3rQliV09cmzJgtUkKewUMxeaRoyUZRtdg\nFU9lfa6rpHoX4+2y6ykhmgcnAYvqAQV5AoIBACuH5Abj0NySiFEsFFQV2Q3r/aWo\nk69t856Q2G25cCmbdMKiS0BAbYyry4wcWmzbh84JP9FwLwtwWpV8LiXC35169u+K\n4WOS6LYJRkzd4E98rbWU7K75B7NeFJ/Xi7xNvhFD9oASdEbWQ51UThVBYpjPhQwk\n14WYx6MiWwNU39IKzL2tpUmWyjCcYuEo239ic2Pb/h7LV9BhIthbNYJi/1yjMiwV\nbDoIrOf7c4HboRAtINUKETZEsPOyJXbsODNU7829RYp9jTyfr9kF4l1/7xXtX8T0\nwYQxV7D80K2fxueKWZfcMY4QggryRucE/J8ObR2k1mMrAYd248zhEchPa84=\n-----END RSA PRIVATE KEY-----\n",
            "content_base64": null,
            "content_base64sha256": "beoG4juCdkqqfqLltAXBMuci8uKgKgw2EjF6YUwv7dY=",
            "content_base64sha512": "PERNepYIReejH9ACmquk89lOVyq9j9tCnCiy2xPocaKN4QVVN4CcO8UqQHlg6SDS/GFdywnYw8pgDWSOKrKQGQ==",
            "content_md5": "ae2bdb8c57c4c5ac4b316f0d9d1eddcb",
            "content_sha1": "c8a94999bb77890234fe3fb6901b1aa31a6b342b",
            "content_sha256": "6dea06e23b82764aaa7ea2e5b405c132e722f2e2a02a0c3612317a614c2fedd6",
            "content_sha512": "3c444d7a960845e7a31fd0029aaba4f3d94e572abd8fdb429c28b2db13e871a28de1055537809c3bc52a407960e920d2fc615dcb09d8c3ca600d648e2ab29019",
            "directory_permission": "0777",
            "file_permission": "0400",
            "filename": "/home/nasg0725/Devops/Terraform/myprivate.key",
            "id": "c8a94999bb77890234fe3fb6901b1aa31a6b342b",
            "sensitive_content": null,
            "source": null
          },
          "sensitive_attributes": [
            [
              {
                "type": "get_attr",
                "value": "content"
              }
            ],
            [
              {
                "type": "get_attr",
                "value": "sensitive_content"
              }
            ]
          ],
          "identity_schema_version": 0,
          "dependencies": [
            "module.ec2-creation.tls_private_key.my_key"
          ]
        }
      ]
    },
    {
      "module": "module.ec2-creation",
      "mode": "managed",
      "type": "local_file",
      "name": "public_key_file",
      "provider": "provider[\"registry.terraform.io/hashicorp/local\"]",
      "instances": [
        {
          "schema_version": 0,
          "attributes": {
            "content": "ssh-rsa AAAAB3NzaC1yc2EAAAADAQABAAACAQCr7t/geOCG0wmkuxBSbx3Zvl6wHvBHSvdtmVAu77rk0zlMRhfdDhV7ke6mXSq1AFFjHbGEAva9vJJODTLd3ouHTaUvl2bPikBRfnHMiG9yrQsr4/nAkygPLfbAHwbJckj1zJrkG/sU2hrS5bkhbEll1yaZ475YIgdjB382dK8PktkDGE9eiX+SDZKvGrJB8b3W1bpQRImnpas++9AMFnvWCEg25mseOx0tQQ/qPQYdVFQhe/1QDuM9FnnKQegGWXBD+Gi3NF3KP7ncazJvQsBSU1uGNb7j/JasJw/gYY2eqtk8Tk7/LmNCyFtMLU4SnZjv7dJkYCVSQV9eNoU4b7v++o/nGfYxiZKqq60RQ0pVHrUChXPBJEeNVLQtyWeRqayLc4rLMkCm+kZ3+mk9zNbhMuhS3rjfk7rYPaR00YCkbYwTR5+lq71aCSNmt8v2ZSqDWtAvGwF+8Law1qQoXPEnzb0slHKqWMRHxDGb69kGy6Tr6edGeVnv6ek9vGf7GRGh3TiJ89llyaTr6KtcDgcxj/ysre/6THe8xJwvHItH0YqWeoSS+5zb/ph7Ked3oISqKezz2CN/0iXBAS9iuF22uh8z3AhLaQ7xXfeVYCRLnc7kAAk5YBi2MpTAgt5AbsijgaxDuxhVILwj7YSUjErEdVKRrM4WPVxA+wYRHiYsbQ==\n",
            "content_base64": null,
            "content_base64sha256": "NgZ8qNunExYaWJmBEDMnqUe1mwii5nUCzPbbEEZDSdg=",
            "content_base64sha512": "q7UYiwGM4hS4Zpo32AeQpD81qN5aiVbn8s5nu10+/5Ma3PNuI8GEOjy8jAIV9ZdyAEDhjBoobPT/tv3yd1YF/A==",
            "content_md5": "5f78d6e915b9420102ab8d093c67ab37",
            "content_sha1": "8ce7554dfb0809fb768aaca90a7d11806d18a0cc",
            "content_sha256": "36067ca8dba713161a589981103327a947b59b08a2e67502ccf6db10464349d8",
            "content_sha512": "abb5188b018ce214b8669a37d80790a43f35a8de5a8956e7f2ce67bb5d3eff931adcf36e23c1843a3cbc8c0215f597720040e18c1a286cf4ffb6fdf2775605fc",
            "directory_permission": "0777",
            "file_permission": "0777",
            "filename": "/home/nasg0725/Devops/Terraform/mypublic.pem",
            "id": "8ce7554dfb0809fb768aaca90a7d11806d18a0cc",
            "sensitive_content": null,
            "source": null
          },
          "sensitive_attributes": [
            [
              {
                "type": "get_attr",
                "value": "sensitive_content"
              }
            ]
          ],
          "identity_schema_version": 0,
          "dependencies": [
            "module.ec2-creation.tls_private_key.my_key"
          ]
        }
      ]
    },
    {
      "module": "module.ec2-creation",
      "mode": "managed",
      "type": "tls_private_key",
      "name": "my_key",
      "provider": "provider[\"registry.terraform.io/hashicorp/tls\"]",
      "instances": [
        {
          "schema_version": 1,
          "attributes": {
            "algorithm": "RSA",
            "ecdsa_curve": "P224",
            "id": "6c4ddcec5cdd510422434879214bc5e6c633adc4",
            "private_key_openssh": "-----BEGIN OPENSSH PRIVATE KEY-----\nb3BlbnNzaC1rZXktdjEAAAAABG5vbmUAAAAEbm9uZQAAAAAAAAABAAACFwAAAAdz\nc2gtcnNhAAAAAwEAAQAAAgEAq+7f4HjghtMJpLsQUm8d2b5esB7wR0r3bZlQLu+6\n5NM5TEYX3Q4Ve5Hupl0qtQBRYx2xhAL2vbySTg0y3d6Lh02lL5dmz4pAUX5xzIhv\ncq0LK+P5wJMoDy32wB8GyXJI9cya5Bv7FNoa0uW5IWxJZdcmmeO+WCIHYwd/NnSv\nD5LZAxhPXol/kg2SrxqyQfG91tW6UESJp6WrPvvQDBZ71ghINuZrHjsdLUEP6j0G\nHVRUIXv9UA7jPRZ5ykHoBllwQ/hotzRdyj+53Gsyb0LAUlNbhjW+4/yWrCcP4GGN\nnqrZPE5O/y5jQshbTC1OEp2Y7+3SZGAlUkFfXjaFOG+7/vqP5xn2MYmSqqutEUNK\nVR61AoVzwSRHjVS0Lclnkamsi3OKyzJApvpGd/ppPczW4TLoUt6435O62D2kdNGA\npG2ME0efpau9WgkjZrfL9mUqg1rQLxsBfvC2sNakKFzxJ829LJRyqljER8Qxm+vZ\nBsuk6+nnRnlZ7+npPbxn+xkRod04ifPZZcmk6+irXA4HMY/8rK3v+kx3vMScLxyL\nR9GKlnqEkvuc2/6Yeynnd6CEqins89gjf9IlwQEvYrhdtrofM9wIS2kO8V33lWAk\nS53O5AAJOWAYtjKUwILeQG7Io4GsQ7sYVSC8I+2ElIxKxHVSkazOFj1cQPsGER4m\nLG0AAAc4SPwfE0j8HxMAAAAHc3NoLXJzYQAAAgEAq+7f4HjghtMJpLsQUm8d2b5e\nsB7wR0r3bZlQLu+65NM5TEYX3Q4Ve5Hupl0qtQBRYx2xhAL2vbySTg0y3d6Lh02l\nL5dmz4pAUX5xzIhvcq0LK+P5wJMoDy32wB8GyXJI9cya5Bv7FNoa0uW5IWxJZdcm\nmeO+WCIHYwd/NnSvD5LZAxhPXol/kg2SrxqyQfG91tW6UESJp6WrPvvQDBZ71ghI\nNuZrHjsdLUEP6j0GHVRUIXv9UA7jPRZ5ykHoBllwQ/hotzRdyj+53Gsyb0LAUlNb\nhjW+4/yWrCcP4GGNnqrZPE5O/y5jQshbTC1OEp2Y7+3SZGAlUkFfXjaFOG+7/vqP\n5xn2MYmSqqutEUNKVR61AoVzwSRHjVS0Lclnkamsi3OKyzJApvpGd/ppPczW4TLo\nUt6435O62D2kdNGApG2ME0efpau9WgkjZrfL9mUqg1rQLxsBfvC2sNakKFzxJ829\nLJRyqljER8Qxm+vZBsuk6+nnRnlZ7+npPbxn+xkRod04ifPZZcmk6+irXA4HMY/8\nrK3v+kx3vMScLxyLR9GKlnqEkvuc2/6Yeynnd6CEqins89gjf9IlwQEvYrhdtrof\nM9wIS2kO8V33lWAkS53O5AAJOWAYtjKUwILeQG7Io4GsQ7sYVSC8I+2ElIxKxHVS\nkazOFj1cQPsGER4mLG0AAAADAQABAAACAAOy79YszdysIpUoF9f7Uaex/58DCaxo\nss2ylM8Bs7SKhGHPrGHUlLQYjvj0O/bNt6BAPJy2JJzBUsyecLfS6I9a0y7JU/oZ\nKDy64+9gh6K3tkdaNLoZBPamWtNYPmV1LRgFi435AtnBmjU0s/Z4p+aYZVlilOqF\ntJyfIWtD+FHHfZ30iUIIUHpEQY9z7Z4SFQqY4J30ivTmo5XHM3sehf/h2zuXbLEw\nj1G+UY/fJ0yhc6Uy6xZshm31oRRdbI3is6Qn3C28kQBtT+mHMHMNaOnDXdfBPAtg\n2IwCQY+CAciGNj1ScPncjM43wuyBGSndb8XbGyrqKw2rzbyPMYHBbxGzj/FeUHQ+\nL0zMjRf9KvQlWgYvmeMVZG4/nXaIyDzghwMCptYqxkIsQjIfT1CwnSkqr0RHnFqA\n4+iH42mqNDILvs5GLrREXKRIxM0mZHX7Nxxs5WbVnnUf1peu/Iajr842UPS6y72j\n8a50Fx++dlBS59dDvbgZT2OMgdfAsZeSU+wkqo4Eri73HQgnx+FXTm5n9e/L3w7T\n+Y6+e8DmSo9JQdbZR5/Ernx21tzQ5DuyEQyH6+Gxw0cwU3B7OZRgfMyoL/YkhlFH\nIIq8vL1ELWbYJWlbuWRzNis7x3bQB2hZlaPfdfWxzXZ1IR4Yz/H0B2pP7plKthS9\naLMHSu2aPFwJAAABACuH5Abj0NySiFEsFFQV2Q3r/aWok69t856Q2G25cCmbdMKi\nS0BAbYyry4wcWmzbh84JP9FwLwtwWpV8LiXC35169u+K4WOS6LYJRkzd4E98rbWU\n7K75B7NeFJ/Xi7xNvhFD9oASdEbWQ51UThVBYpjPhQwk14WYx6MiWwNU39IKzL2t\npUmWyjCcYuEo239ic2Pb/h7LV9BhIthbNYJi/1yjMiwVbDoIrOf7c4HboRAtINUK\nETZEsPOyJXbsODNU7829RYp9jTyfr9kF4l1/7xXtX8T0wYQxV7D80K2fxueKWZfc\nMY4QggryRucE/J8ObR2k1mMrAYd248zhEchPa84AAAEBAM0W1ViA9gy3oBXAHwT9\nHKiHS2Ztyg4UURdswb+gFJA6qs8EIxeFIJUNnPpeTlIlxgQHsd2cmui8QJt/hov7\nsHfIvTKaDJUPoew8YK2nG2a3zsByt+oJeJdo7Q5CjCZuw4sd9o0EBUVbo12SNymu\nKnSpGxh3NZpVhBNqJnCPbv9Pzf90PWoUyjPA18EGLPlTqmi9Z1GXZmrp4T95y4bD\n8A6v/vHPf41CpG6pEwzorZc269twhy5V7g1CQAqS2CbN5CQ2wzT7To4majReH9I0\n21+JC+WLaxGdIakFfcqWbqP7mR2bWOqerjzGyD3TM2JWusslsgSBd1uEMFKNDR2h\nmwkAAAEBANadAyhrAkumdjjn8IDhq7MsRoI94tSWeU7l1GgNhJK+bsPs9LsHZxkp\n7IbSEsLYd8A7c0QII6F4zMCIwX6gnZ+p0qaWxlg4esRG2KOfvUupRcnrzZLRdoI7\ns5vwC2H/ZeDyyZN7gjOFDL0FPh8SoNMQ+ds5y0mfv+owojtvm0GhlEN41papUGwP\naTTmRbJ7zQK0DgZX11U8+4Nvk0h6dJrXaIT/JUkf0u3eO8w3RcHdibxoMqcs4Vwk\nMf+Hjvw88cWREseO3k911gVtSVHR3Ylf8Xwls8rM+Fywry/JvqN2Jmr4UcW6U3oj\nSrkEMj2UZRWelwOaqDIZqQZgJbX+C0UAAAAAAQID\n-----END OPENSSH PRIVATE KEY-----\n",
            "private_key_pem": "-----BEGIN RSA PRIVATE KEY-----\nMIIJKAIBAAKCAgEAq+7f4HjghtMJpLsQUm8d2b5esB7wR0r3bZlQLu+65NM5TEYX\n3Q4Ve5Hupl0qtQBRYx2xhAL2vbySTg0y3d6Lh02lL5dmz4pAUX5xzIhvcq0LK+P5\nwJMoDy32wB8GyXJI9cya5Bv7FNoa0uW5IWxJZdcmmeO+WCIHYwd/NnSvD5LZAxhP\nXol/kg2SrxqyQfG91tW6UESJp6WrPvvQDBZ71ghINuZrHjsdLUEP6j0GHVRUIXv9\nUA7jPRZ5ykHoBllwQ/hotzRdyj+53Gsyb0LAUlNbhjW+4/yWrCcP4GGNnqrZPE5O\n/y5jQshbTC1OEp2Y7+3SZGAlUkFfXjaFOG+7/vqP5xn2MYmSqqutEUNKVR61AoVz\nwSRHjVS0Lclnkamsi3OKyzJApvpGd/ppPczW4TLoUt6435O62D2kdNGApG2ME0ef\npau9WgkjZrfL9mUqg1rQLxsBfvC2sNakKFzxJ829LJRyqljER8Qxm+vZBsuk6+nn\nRnlZ7+npPbxn+xkRod04ifPZZcmk6+irXA4HMY/8rK3v+kx3vMScLxyLR9GKlnqE\nkvuc2/6Yeynnd6CEqins89gjf9IlwQEvYrhdtrofM9wIS2kO8V33lWAkS53O5AAJ\nOWAYtjKUwILeQG7Io4GsQ7sYVSC8I+2ElIxKxHVSkazOFj1cQPsGER4mLG0CAwEA\nAQKCAgADsu/WLM3crCKVKBfX+1Gnsf+fAwmsaLLNspTPAbO0ioRhz6xh1JS0GI74\n9Dv2zbegQDyctiScwVLMnnC30uiPWtMuyVP6GSg8uuPvYIeit7ZHWjS6GQT2plrT\nWD5ldS0YBYuN+QLZwZo1NLP2eKfmmGVZYpTqhbScnyFrQ/hRx32d9IlCCFB6REGP\nc+2eEhUKmOCd9Ir05qOVxzN7HoX/4ds7l2yxMI9RvlGP3ydMoXOlMusWbIZt9aEU\nXWyN4rOkJ9wtvJEAbU/phzBzDWjpw13XwTwLYNiMAkGPggHIhjY9UnD53IzON8Ls\ngRkp3W/F2xsq6isNq828jzGBwW8Rs4/xXlB0Pi9MzI0X/Sr0JVoGL5njFWRuP512\niMg84IcDAqbWKsZCLEIyH09QsJ0pKq9ER5xagOPoh+NpqjQyC77ORi60RFykSMTN\nJmR1+zccbOVm1Z51H9aXrvyGo6/ONlD0usu9o/GudBcfvnZQUufXQ724GU9jjIHX\nwLGXklPsJKqOBK4u9x0IJ8fhV05uZ/Xvy98O0/mOvnvA5kqPSUHW2UefxK58dtbc\n0OQ7shEMh+vhscNHMFNwezmUYHzMqC/2JIZRRyCKvLy9RC1m2CVpW7lkczYrO8d2\n0AdoWZWj33X1sc12dSEeGM/x9AdqT+6ZSrYUvWizB0rtmjxcCQKCAQEAzRbVWID2\nDLegFcAfBP0cqIdLZm3KDhRRF2zBv6AUkDqqzwQjF4UglQ2c+l5OUiXGBAex3Zya\n6LxAm3+Gi/uwd8i9MpoMlQ+h7DxgracbZrfOwHK36gl4l2jtDkKMJm7Dix32jQQF\nRVujXZI3Ka4qdKkbGHc1mlWEE2omcI9u/0/N/3Q9ahTKM8DXwQYs+VOqaL1nUZdm\naunhP3nLhsPwDq/+8c9/jUKkbqkTDOitlzbr23CHLlXuDUJACpLYJs3kJDbDNPtO\njiZqNF4f0jTbX4kL5YtrEZ0hqQV9ypZuo/uZHZtY6p6uPMbIPdMzYla6yyWyBIF3\nW4QwUo0NHaGbCQKCAQEA1p0DKGsCS6Z2OOfwgOGrsyxGgj3i1JZ5TuXUaA2Ekr5u\nw+z0uwdnGSnshtISwth3wDtzRAgjoXjMwIjBfqCdn6nSppbGWDh6xEbYo5+9S6lF\nyevNktF2gjuzm/ALYf9l4PLJk3uCM4UMvQU+HxKg0xD52znLSZ+/6jCiO2+bQaGU\nQ3jWlqlQbA9pNOZFsnvNArQOBlfXVTz7g2+TSHp0mtdohP8lSR/S7d47zDdFwd2J\nvGgypyzhXCQx/4eO/DzxxZESx47eT3XWBW1JUdHdiV/xfCWzysz4XLCvL8m+o3Ym\navhRxbpTeiNKuQQyPZRlFZ6XA5qoMhmpBmAltf4LRQKCAQBBOn3ohDu9l7mGsXAs\nOgSfZUiJ72lQSQ3xkVmeBOAFb2NcLEis9l6Cia3fw5bNcc4lAf2EKobqdtVln42/\nf/GEZ4glS/GshyhM5ncpQ/jnFpbfhp0QBqsgHPMokenZX2k6GfGMsDas9JRk8lgx\nHX/LUu2XPnMB/yjes+g97KC0+0Ddeq79ylb1VuRINBqhwgZ1AaiWvryITJKjia09\n05vKUBeZ+RDscMGzoHq6pFZxvboONSAJkLMB7IxJ0KKG1P02t2QmubcmZvloZndg\neAc9v2zVOR54n61RALodcPMHnMH6NKp3FLj+A4s0frPdFxCaBAc2f6biqIxl9Q6y\n2e9hAoIBAQC0O3wxb1yoJ43VUIPb2KmXeTFlo49hNVV++uic0e1qR19CTzdf8mGU\n8m5e8wEqfRxkZgjxM1yo+IgLkU3eiAiX08jCepDr+dKwD0dUcoxIhEnFv7APArXh\nvT2jUb5deF0YwwyiPPElTzFZdJOtCLnjR7htcWXV2MEVbe5wt9PNFGMtHsgoEt0l\nQvP5pwEVWX7cLFYy4YZHYUVgJk2sapqOhySRvKyVcpJzjVTuteRxYRmRDniriLdh\n6EvM6w0brBrm7mS1DriIRs+MEzGl8vd3rQliV09cmzJgtUkKewUMxeaRoyUZRtdg\nFU9lfa6rpHoX4+2y6ykhmgcnAYvqAQV5AoIBACuH5Abj0NySiFEsFFQV2Q3r/aWo\nk69t856Q2G25cCmbdMKiS0BAbYyry4wcWmzbh84JP9FwLwtwWpV8LiXC35169u+K\n4WOS6LYJRkzd4E98rbWU7K75B7NeFJ/Xi7xNvhFD9oASdEbWQ51UThVBYpjPhQwk\n14WYx6MiWwNU39IKzL2tpUmWyjCcYuEo239ic2Pb/h7LV9BhIthbNYJi/1yjMiwV\nbDoIrOf7c4HboRAtINUKETZEsPOyJXbsODNU7829RYp9jTyfr9kF4l1/7xXtX8T0\nwYQxV7D80K2fxueKWZfcMY4QggryRucE/J8ObR2k1mMrAYd248zhEchPa84=\n-----END RSA PRIVATE KEY-----\n",
            "private_key_pem_pkcs8": "-----BEGIN PRIVATE KEY-----\nMIIJQgIBADANBgkqhkiG9w0BAQEFAASCCSwwggkoAgEAAoICAQCr7t/geOCG0wmk\nuxBSbx3Zvl6wHvBHSvdtmVAu77rk0zlMRhfdDhV7ke6mXSq1AFFjHbGEAva9vJJO\nDTLd3ouHTaUvl2bPikBRfnHMiG9yrQsr4/nAkygPLfbAHwbJckj1zJrkG/sU2hrS\n5bkhbEll1yaZ475YIgdjB382dK8PktkDGE9eiX+SDZKvGrJB8b3W1bpQRImnpas+\n+9AMFnvWCEg25mseOx0tQQ/qPQYdVFQhe/1QDuM9FnnKQegGWXBD+Gi3NF3KP7nc\nazJvQsBSU1uGNb7j/JasJw/gYY2eqtk8Tk7/LmNCyFtMLU4SnZjv7dJkYCVSQV9e\nNoU4b7v++o/nGfYxiZKqq60RQ0pVHrUChXPBJEeNVLQtyWeRqayLc4rLMkCm+kZ3\n+mk9zNbhMuhS3rjfk7rYPaR00YCkbYwTR5+lq71aCSNmt8v2ZSqDWtAvGwF+8Law\n1qQoXPEnzb0slHKqWMRHxDGb69kGy6Tr6edGeVnv6ek9vGf7GRGh3TiJ89llyaTr\n6KtcDgcxj/ysre/6THe8xJwvHItH0YqWeoSS+5zb/ph7Ked3oISqKezz2CN/0iXB\nAS9iuF22uh8z3AhLaQ7xXfeVYCRLnc7kAAk5YBi2MpTAgt5AbsijgaxDuxhVILwj\n7YSUjErEdVKRrM4WPVxA+wYRHiYsbQIDAQABAoICAAOy79YszdysIpUoF9f7Uaex\n/58DCaxoss2ylM8Bs7SKhGHPrGHUlLQYjvj0O/bNt6BAPJy2JJzBUsyecLfS6I9a\n0y7JU/oZKDy64+9gh6K3tkdaNLoZBPamWtNYPmV1LRgFi435AtnBmjU0s/Z4p+aY\nZVlilOqFtJyfIWtD+FHHfZ30iUIIUHpEQY9z7Z4SFQqY4J30ivTmo5XHM3sehf/h\n2zuXbLEwj1G+UY/fJ0yhc6Uy6xZshm31oRRdbI3is6Qn3C28kQBtT+mHMHMNaOnD\nXdfBPAtg2IwCQY+CAciGNj1ScPncjM43wuyBGSndb8XbGyrqKw2rzbyPMYHBbxGz\nj/FeUHQ+L0zMjRf9KvQlWgYvmeMVZG4/nXaIyDzghwMCptYqxkIsQjIfT1CwnSkq\nr0RHnFqA4+iH42mqNDILvs5GLrREXKRIxM0mZHX7Nxxs5WbVnnUf1peu/Iajr842\nUPS6y72j8a50Fx++dlBS59dDvbgZT2OMgdfAsZeSU+wkqo4Eri73HQgnx+FXTm5n\n9e/L3w7T+Y6+e8DmSo9JQdbZR5/Ernx21tzQ5DuyEQyH6+Gxw0cwU3B7OZRgfMyo\nL/YkhlFHIIq8vL1ELWbYJWlbuWRzNis7x3bQB2hZlaPfdfWxzXZ1IR4Yz/H0B2pP\n7plKthS9aLMHSu2aPFwJAoIBAQDNFtVYgPYMt6AVwB8E/Ryoh0tmbcoOFFEXbMG/\noBSQOqrPBCMXhSCVDZz6Xk5SJcYEB7HdnJrovECbf4aL+7B3yL0ymgyVD6HsPGCt\npxtmt87AcrfqCXiXaO0OQowmbsOLHfaNBAVFW6Ndkjcprip0qRsYdzWaVYQTaiZw\nj27/T83/dD1qFMozwNfBBiz5U6povWdRl2Zq6eE/ecuGw/AOr/7xz3+NQqRuqRMM\n6K2XNuvbcIcuVe4NQkAKktgmzeQkNsM0+06OJmo0Xh/SNNtfiQvli2sRnSGpBX3K\nlm6j+5kdm1jqnq48xsg90zNiVrrLJbIEgXdbhDBSjQ0doZsJAoIBAQDWnQMoawJL\npnY45/CA4auzLEaCPeLUlnlO5dRoDYSSvm7D7PS7B2cZKeyG0hLC2HfAO3NECCOh\neMzAiMF+oJ2fqdKmlsZYOHrERtijn71LqUXJ682S0XaCO7Ob8Ath/2Xg8smTe4Iz\nhQy9BT4fEqDTEPnbOctJn7/qMKI7b5tBoZRDeNaWqVBsD2k05kWye80CtA4GV9dV\nPPuDb5NIenSa12iE/yVJH9Lt3jvMN0XB3Ym8aDKnLOFcJDH/h478PPHFkRLHjt5P\nddYFbUlR0d2JX/F8JbPKzPhcsK8vyb6jdiZq+FHFulN6I0q5BDI9lGUVnpcDmqgy\nGakGYCW1/gtFAoIBAEE6feiEO72XuYaxcCw6BJ9lSInvaVBJDfGRWZ4E4AVvY1ws\nSKz2XoKJrd/Dls1xziUB/YQqhup21WWfjb9/8YRniCVL8ayHKEzmdylD+OcWlt+G\nnRAGqyAc8yiR6dlfaToZ8YywNqz0lGTyWDEdf8tS7Zc+cwH/KN6z6D3soLT7QN16\nrv3KVvVW5Eg0GqHCBnUBqJa+vIhMkqOJrT3Tm8pQF5n5EOxwwbOgerqkVnG9ug41\nIAmQswHsjEnQoobU/Ta3ZCa5tyZm+Whmd2B4Bz2/bNU5HnifrVEAuh1w8wecwfo0\nqncUuP4DizR+s90XEJoEBzZ/puKojGX1DrLZ72ECggEBALQ7fDFvXKgnjdVQg9vY\nqZd5MWWjj2E1VX766JzR7WpHX0JPN1/yYZTybl7zASp9HGRmCPEzXKj4iAuRTd6I\nCJfTyMJ6kOv50rAPR1RyjEiEScW/sA8CteG9PaNRvl14XRjDDKI88SVPMVl0k60I\nueNHuG1xZdXYwRVt7nC3080UYy0eyCgS3SVC8/mnARVZftwsVjLhhkdhRWAmTaxq\nmo6HJJG8rJVyknONVO615HFhGZEOeKuIt2HoS8zrDRusGubuZLUOuIhGz4wTMaXy\n93etCWJXT1ybMmC1SQp7BQzF5pGjJRlG12AVT2V9rqukehfj7bLrKSGaBycBi+oB\nBXkCggEAK4fkBuPQ3JKIUSwUVBXZDev9paiTr23znpDYbblwKZt0wqJLQEBtjKvL\njBxabNuHzgk/0XAvC3BalXwuJcLfnXr274rhY5LotglGTN3gT3yttZTsrvkHs14U\nn9eLvE2+EUP2gBJ0RtZDnVROFUFimM+FDCTXhZjHoyJbA1Tf0grMva2lSZbKMJxi\n4Sjbf2JzY9v+HstX0GEi2Fs1gmL/XKMyLBVsOgis5/tzgduhEC0g1QoRNkSw87Il\nduw4M1Tvzb1Fin2NPJ+v2QXiXX/vFe1fxPTBhDFXsPzQrZ/G54pZl9wxjhCCCvJG\n5wT8nw5tHaTWYysBh3bjzOERyE9rzg==\n-----END PRIVATE KEY-----\n",
            "public_key_fingerprint_md5": "d3:0c:75:29:18:4d:6c:c7:e4:0a:94:69:d7:12:f2:d8",
            "public_key_fingerprint_sha256": "SHA256:dW+XTlv0Tz1Pgp4WdC8qOMiXi2rvmPOWWcl8Wh5u6MQ",
            "public_key_openssh": "ssh-rsa AAAAB3NzaC1yc2EAAAADAQABAAACAQCr7t/geOCG0wmkuxBSbx3Zvl6wHvBHSvdtmVAu77rk0zlMRhfdDhV7ke6mXSq1AFFjHbGEAva9vJJODTLd3ouHTaUvl2bPikBRfnHMiG9yrQsr4/nAkygPLfbAHwbJckj1zJrkG/sU2hrS5bkhbEll1yaZ475YIgdjB382dK8PktkDGE9eiX+SDZKvGrJB8b3W1bpQRImnpas++9AMFnvWCEg25mseOx0tQQ/qPQYdVFQhe/1QDuM9FnnKQegGWXBD+Gi3NF3KP7ncazJvQsBSU1uGNb7j/JasJw/gYY2eqtk8Tk7/LmNCyFtMLU4SnZjv7dJkYCVSQV9eNoU4b7v++o/nGfYxiZKqq60RQ0pVHrUChXPBJEeNVLQtyWeRqayLc4rLMkCm+kZ3+mk9zNbhMuhS3rjfk7rYPaR00YCkbYwTR5+lq71aCSNmt8v2ZSqDWtAvGwF+8Law1qQoXPEnzb0slHKqWMRHxDGb69kGy6Tr6edGeVnv6ek9vGf7GRGh3TiJ89llyaTr6KtcDgcxj/ysre/6THe8xJwvHItH0YqWeoSS+5zb/ph7Ked3oISqKezz2CN/0iXBAS9iuF22uh8z3AhLaQ7xXfeVYCRLnc7kAAk5YBi2MpTAgt5AbsijgaxDuxhVILwj7YSUjErEdVKRrM4WPVxA+wYRHiYsbQ==\n",
            "public_key_pem": "-----BEGIN PUBLIC KEY-----\nMIICIjANBgkqhkiG9w0BAQEFAAOCAg8AMIICCgKCAgEAq+7f4HjghtMJpLsQUm8d\n2b5esB7wR0r3bZlQLu+65NM5TEYX3Q4Ve5Hupl0qtQBRYx2xhAL2vbySTg0y3d6L\nh02lL5dmz4pAUX5xzIhvcq0LK+P5wJMoDy32wB8GyXJI9cya5Bv7FNoa0uW5IWxJ\nZdcmmeO+WCIHYwd/NnSvD5LZAxhPXol/kg2SrxqyQfG91tW6UESJp6WrPvvQDBZ7\n1ghINuZrHjsdLUEP6j0GHVRUIXv9UA7jPRZ5ykHoBllwQ/hotzRdyj+53Gsyb0LA\nUlNbhjW+4/yWrCcP4GGNnqrZPE5O/y5jQshbTC1OEp2Y7+3SZGAlUkFfXjaFOG+7\n/vqP5xn2MYmSqqutEUNKVR61AoVzwSRHjVS0Lclnkamsi3OKyzJApvpGd/ppPczW\n4TLoUt6435O62D2kdNGApG2ME0efpau9WgkjZrfL9mUqg1rQLxsBfvC2sNakKFzx\nJ829LJRyqljER8Qxm+vZBsuk6+nnRnlZ7+npPbxn+xkRod04ifPZZcmk6+irXA4H\nMY/8rK3v+kx3vMScLxyLR9GKlnqEkvuc2/6Yeynnd6CEqins89gjf9IlwQEvYrhd\ntrofM9wIS2kO8V33lWAkS53O5AAJOWAYtjKUwILeQG7Io4GsQ7sYVSC8I+2ElIxK\nxHVSkazOFj1cQPsGER4mLG0CAwEAAQ==\n-----END PUBLIC KEY-----\n",
            "rsa_bits": 4096
          },
          "sensitive_attributes": [
            [
              {
                "type": "get_attr",
                "value": "private_key_openssh"
              }
            ],
            [
              {
                "type": "get_attr",
                "value": "private_key_pem"
              }
            ],
            [
              {
                "type": "get_attr",
                "value": "private_key_pem_pkcs8"
              }
            ]
          ],
          "identity_schema_version": 0
        }
      ]
    }
  ],
  "check_results": null
}
